
Microsoft Visual Studio Solution File, Format Version 12.00
# Visual Studio Version 16
VisualStudioVersion = 16.0.31005.135
MinimumVisualStudioVersion = 10.0.40219.1
Project("{9A19103F-16F7-4668-BE54-9A1E7A4F7556}") = "DataAccess", "DataAccess\DataAccess.csproj", "{765E4FDA-D5B2-4E5A-A38C-164F7875DF86}"
EndProject
Project("{9A19103F-16F7-4668-BE54-9A1E7A4F7556}") = "Business", "Business\Business.csproj", "{E6634E20-EA85-49D2-962A-38AC3B1BF004}"
EndProject
Project("{9A19103F-16F7-4668-BE54-9A1E7A4F7556}") = "Entities", "Entities\Entities.csproj", "{C3C429DC-6240-4D9C-9D38-9239A4424DE7}"
EndProject
Project("{9A19103F-16F7-4668-BE54-9A1E7A4F7556}") = "ConsoleUI", "ConsoleUI\ConsoleUI.csproj", "{7E08BA5A-D502-45FE-8D29-6473D940608C}"
EndProject
Project("{FAE04EC0-301F-11D3-BF4B-00C04F79EFBC}") = "Core", "Core\Core.csproj", "{320492DC-1C6E-4AA0-8602-CEB2526883DD}"
EndProject
Global
	GlobalSection(SolutionConfigurationPlatforms) = preSolution
		Debug|Any CPU = Debug|Any CPU
		Release|Any CPU = Release|Any CPU
	EndGlobalSection
	GlobalSection(ProjectConfigurationPlatforms) = postSolution
		{765E4FDA-D5B2-4E5A-A38C-164F7875DF86}.Debug|Any CPU.ActiveCfg = Debug|Any CPU
		{765E4FDA-D5B2-4E5A-A38C-164F7875DF86}.Debug|Any CPU.Build.0 = Debug|Any CPU
		{765E4FDA-D5B2-4E5A-A38C-164F7875DF86}.Release|Any CPU.ActiveCfg = Release|Any CPU
		{765E4FDA-D5B2-4E5A-A38C-164F7875DF86}.Release|Any CPU.Build.0 = Release|Any CPU
		{E6634E20-EA85-49D2-962A-38AC3B1BF004}.Debug|Any CPU.ActiveCfg = Debug|Any CPU
		{E6634E20-EA85-49D2-962A-38AC3B1BF004}.Debug|Any CPU.Build.0 = Debug|Any CPU
		{E6634E20-EA85-49D2-962A-38AC3B1BF004}.Release|Any CPU.ActiveCfg = Release|Any CPU
		{E6634E20-EA85-49D2-962A-38AC3B1BF004}.Release|Any CPU.Build.0 = Release|Any CPU
		{C3C429DC-6240-4D9C-9D38-9239A4424DE7}.Debug|Any CPU.ActiveCfg = Debug|Any CPU
		{C3C429DC-6240-4D9C-9D38-9239A4424DE7}.Debug|Any CPU.Build.0 = Debug|Any CPU
		{C3C429DC-6240-4D9C-9D38-9239A4424DE7}.Release|Any CPU.ActiveCfg = Release|Any CPU
		{C3C429DC-6240-4D9C-9D38-9239A4424DE7}.Release|Any CPU.Build.0 = Release|Any CPU
		{7E08BA5A-D502-45FE-8D29-6473D940608C}.Debug|Any CPU.ActiveCfg = Debug|Any CPU
		{7E08BA5A-D502-45FE-8D29-6473D940608C}.Debug|Any CPU.Build.0 = Debug|Any CPU
		{7E08BA5A-D502-45FE-8D29-6473D940608C}.Release|Any CPU.ActiveCfg = Release|Any CPU
		{7E08BA5A-D502-45FE-8D29-6473D940608C}.Release|Any CPU.Build.0 = Release|Any CPU
		{320492DC-1C6E-4AA0-8602-CEB2526883DD}.Debug|Any CPU.ActiveCfg = Debug|Any CPU
		{320492DC-1C6E-4AA0-8602-CEB2526883DD}.Debug|Any CPU.Build.0 = Debug|Any CPU
		{320492DC-1C6E-4AA0-8602-CEB2526883DD}.Release|Any CPU.ActiveCfg = Release|Any CPU
		{320492DC-1C6E-4AA0-8602-CEB2526883DD}.Release|Any CPU.Build.0 = Release|Any CPU
	EndGlobalSection
	GlobalSection(SolutionProperties) = preSolution
		HideSolutionNode = FALSE
	EndGlobalSection
	GlobalSection(ExtensibilityGlobals) = postSolution
		SolutionGuid = {D252F258-018B-4E71-817F-2CD0E78276AF}
	EndGlobalSection
EndGlobal
